// !$*UTF8*$!
{
	archiveVersion = 1;
	classes = {
	};
	objectVersion = 48;
	objects = {

/* Begin PBXBuildFile section */
		20B83FA3527597CE413441AC /* Pods_Survey.framework in Frameworks */ = {isa = PBXBuildFile; fileRef = DD5C6967FBA5DFC60B903781 /* Pods_Survey.framework */; };
		5C079EDF2016AAAD008B8F25 /* DataManager.swift in Sources */ = {isa = PBXBuildFile; fileRef = 5C079EDE2016AAAD008B8F25 /* DataManager.swift */; };
		5C90FEA42015F27E00DE6B6F /* AppDelegate.swift in Sources */ = {isa = PBXBuildFile; fileRef = 5C90FEA32015F27E00DE6B6F /* AppDelegate.swift */; };
		5C90FEA62015F27E00DE6B6F /* LoginViewController.swift in Sources */ = {isa = PBXBuildFile; fileRef = 5C90FEA52015F27E00DE6B6F /* LoginViewController.swift */; };
		5C90FEA92015F27E00DE6B6F /* Main.storyboard in Resources */ = {isa = PBXBuildFile; fileRef = 5C90FEA72015F27E00DE6B6F /* Main.storyboard */; };
		5C90FEAB2015F27E00DE6B6F /* Assets.xcassets in Resources */ = {isa = PBXBuildFile; fileRef = 5C90FEAA2015F27E00DE6B6F /* Assets.xcassets */; };
		5C90FEAE2015F27E00DE6B6F /* LaunchScreen.storyboard in Resources */ = {isa = PBXBuildFile; fileRef = 5C90FEAC2015F27E00DE6B6F /* LaunchScreen.storyboard */; };
		5C90FEBB2015F72100DE6B6F /* Default-568h@2x.png in Resources */ = {isa = PBXBuildFile; fileRef = 5C90FEBA2015F72100DE6B6F /* Default-568h@2x.png */; };
		5C90FEBF2016096700DE6B6F /* RoundedButton.swift in Sources */ = {isa = PBXBuildFile; fileRef = 5C90FEBE2016096700DE6B6F /* RoundedButton.swift */; };
		5C90FEC12016141300DE6B6F /* ForgotPasswordViewController.swift in Sources */ = {isa = PBXBuildFile; fileRef = 5C90FEC02016141300DE6B6F /* ForgotPasswordViewController.swift */; };
		5C9F685E20161A4B007A0711 /* Utilities.swift in Sources */ = {isa = PBXBuildFile; fileRef = 5C9F685D20161A4B007A0711 /* Utilities.swift */; };
		5C9F686020164460007A0711 /* Constants.swift in Sources */ = {isa = PBXBuildFile; fileRef = 5C9F685F20164460007A0711 /* Constants.swift */; };
		5C9F686220164897007A0711 /* WebServiceManager.swift in Sources */ = {isa = PBXBuildFile; fileRef = 5C9F686120164897007A0711 /* WebServiceManager.swift */; };
		5C9F686420164999007A0711 /* User.swift in Sources */ = {isa = PBXBuildFile; fileRef = 5C9F686320164999007A0711 /* User.swift */; };
		5CAB718B2018CA7100992054 /* CommentsViewController.swift in Sources */ = {isa = PBXBuildFile; fileRef = 5CAB718A2018CA7100992054 /* CommentsViewController.swift */; };
		5CC28ACB201749E70015C68D /* ListViewController.swift in Sources */ = {isa = PBXBuildFile; fileRef = 5CC28ACA201749E70015C68D /* ListViewController.swift */; };
		5CC28ACD20175E880015C68D /* Survey.swift in Sources */ = {isa = PBXBuildFile; fileRef = 5CC28ACC20175E880015C68D /* Survey.swift */; };
		5CC28ACF2017672D0015C68D /* SurveyViewController.swift in Sources */ = {isa = PBXBuildFile; fileRef = 5CC28ACE2017672D0015C68D /* SurveyViewController.swift */; };
/* End PBXBuildFile section */

/* Begin PBXFileReference section */
		1B9EFADE127BE28FA067423B /* Pods-Survey.debug.xcconfig */ = {isa = PBXFileReference; includeInIndex = 1; lastKnownFileType = text.xcconfig; name = "Pods-Survey.debug.xcconfig"; path = "Pods/Target Support Files/Pods-Survey/Pods-Survey.debug.xcconfig"; sourceTree = "<group>"; };
		5C079EDE2016AAAD008B8F25 /* DataManager.swift */ = {isa = PBXFileReference; lastKnownFileType = sourcecode.swift; path = DataManager.swift; sourceTree = "<group>"; };
		5C90FEA02015F27E00DE6B6F /* Survey.app */ = {isa = PBXFileReference; explicitFileType = wrapper.application; includeInIndex = 0; path = Survey.app; sourceTree = BUILT_PRODUCTS_DIR; };
		5C90FEA32015F27E00DE6B6F /* AppDelegate.swift */ = {isa = PBXFileReference; lastKnownFileType = sourcecode.swift; path = AppDelegate.swift; sourceTree = "<group>"; };
		5C90FEA52015F27E00DE6B6F /* LoginViewController.swift */ = {isa = PBXFileReference; lastKnownFileType = sourcecode.swift; path = LoginViewController.swift; sourceTree = "<group>"; };
		5C90FEA82015F27E00DE6B6F /* Base */ = {isa = PBXFileReference; lastKnownFileType = file.storyboard; name = Base; path = Base.lproj/Main.storyboard; sourceTree = "<group>"; };
		5C90FEAA2015F27E00DE6B6F /* Assets.xcassets */ = {isa = PBXFileReference; lastKnownFileType = folder.assetcatalog; path = Assets.xcassets; sourceTree = "<group>"; };
		5C90FEAD2015F27E00DE6B6F /* Base */ = {isa = PBXFileReference; lastKnownFileType = file.storyboard; name = Base; path = Base.lproj/LaunchScreen.storyboard; sourceTree = "<group>"; };
		5C90FEAF2015F27E00DE6B6F /* Info.plist */ = {isa = PBXFileReference; lastKnownFileType = text.plist.xml; path = Info.plist; sourceTree = "<group>"; };
		5C90FEBA2015F72100DE6B6F /* Default-568h@2x.png */ = {isa = PBXFileReference; lastKnownFileType = image.png; path = "Default-568h@2x.png"; sourceTree = "<group>"; };
		5C90FEBE2016096700DE6B6F /* RoundedButton.swift */ = {isa = PBXFileReference; lastKnownFileType = sourcecode.swift; path = RoundedButton.swift; sourceTree = "<group>"; };
		5C90FEC02016141300DE6B6F /* ForgotPasswordViewController.swift */ = {isa = PBXFileReference; lastKnownFileType = sourcecode.swift; path = ForgotPasswordViewController.swift; sourceTree = "<group>"; };
		5C9F685D20161A4B007A0711 /* Utilities.swift */ = {isa = PBXFileReference; lastKnownFileType = sourcecode.swift; path = Utilities.swift; sourceTree = "<group>"; };
		5C9F685F20164460007A0711 /* Constants.swift */ = {isa = PBXFileReference; lastKnownFileType = sourcecode.swift; path = Constants.swift; sourceTree = "<group>"; };
		5C9F686120164897007A0711 /* WebServiceManager.swift */ = {isa = PBXFileReference; lastKnownFileType = sourcecode.swift; path = WebServiceManager.swift; sourceTree = "<group>"; };
		5C9F686320164999007A0711 /* User.swift */ = {isa = PBXFileReference; lastKnownFileType = sourcecode.swift; path = User.swift; sourceTree = "<group>"; };
		5CAB718A2018CA7100992054 /* CommentsViewController.swift */ = {isa = PBXFileReference; lastKnownFileType = sourcecode.swift; path = CommentsViewController.swift; sourceTree = "<group>"; };
		5CC28ACA201749E70015C68D /* ListViewController.swift */ = {isa = PBXFileReference; lastKnownFileType = sourcecode.swift; path = ListViewController.swift; sourceTree = "<group>"; };
		5CC28ACC20175E880015C68D /* Survey.swift */ = {isa = PBXFileReference; lastKnownFileType = sourcecode.swift; path = Survey.swift; sourceTree = "<group>"; };
		5CC28ACE2017672D0015C68D /* SurveyViewController.swift */ = {isa = PBXFileReference; lastKnownFileType = sourcecode.swift; path = SurveyViewController.swift; sourceTree = "<group>"; };
		DD5C6967FBA5DFC60B903781 /* Pods_Survey.framework */ = {isa = PBXFileReference; explicitFileType = wrapper.framework; includeInIndex = 0; path = Pods_Survey.framework; sourceTree = BUILT_PRODUCTS_DIR; };
		FE45AA5FD4A559DAFE5DCD94 /* Pods-Survey.release.xcconfig */ = {isa = PBXFileReference; includeInIndex = 1; lastKnownFileType = text.xcconfig; name = "Pods-Survey.release.xcconfig"; path = "Pods/Target Support Files/Pods-Survey/Pods-Survey.release.xcconfig"; sourceTree = "<group>"; };
/* End PBXFileReference section */

/* Begin PBXFrameworksBuildPhase section */
		5C90FE9D2015F27E00DE6B6F /* Frameworks */ = {
			isa = PBXFrameworksBuildPhase;
			buildActionMask = 2147483647;
			files = (
				20B83FA3527597CE413441AC /* Pods_Survey.framework in Frameworks */,
			);
			runOnlyForDeploymentPostprocessing = 0;
		};
/* End PBXFrameworksBuildPhase section */

/* Begin PBXGroup section */
		0DAA64BFE23E5F0021951E9F /* Frameworks */ = {
			isa = PBXGroup;
			children = (
				DD5C6967FBA5DFC60B903781 /* Pods_Survey.framework */,
			);
			name = Frameworks;
			sourceTree = "<group>";
		};
		5C90FE972015F27E00DE6B6F = {
			isa = PBXGroup;
			children = (
				5C90FEA22015F27E00DE6B6F /* Survey */,
				5C90FEA12015F27E00DE6B6F /* Products */,
				EC55A0C72F9276BA3FC77FD6 /* Pods */,
				0DAA64BFE23E5F0021951E9F /* Frameworks */,
			);
			sourceTree = "<group>";
		};
		5C90FEA12015F27E00DE6B6F /* Products */ = {
			isa = PBXGroup;
			children = (
				5C90FEA02015F27E00DE6B6F /* Survey.app */,
			);
			name = Products;
			sourceTree = "<group>";
		};
		5C90FEA22015F27E00DE6B6F /* Survey */ = {
			isa = PBXGroup;
			children = (
				5C90FEA32015F27E00DE6B6F /* AppDelegate.swift */,
				5C90FEB52015F6AD00DE6B6F /* Model */,
				5C90FEB62015F6B400DE6B6F /* View */,
				5C90FEB72015F6BA00DE6B6F /* Controller */,
				5C90FEB82015F6E000DE6B6F /* Storyboards */,
				5C9F685C20161A3A007A0711 /* Helpers */,
				5C90FEB92015F6F800DE6B6F /* Supporting files */,
			);
			path = Survey;
			sourceTree = "<group>";
		};
		5C90FEB52015F6AD00DE6B6F /* Model */ = {
			isa = PBXGroup;
			children = (
				5C9F686320164999007A0711 /* User.swift */,
				5CC28ACC20175E880015C68D /* Survey.swift */,
			);
			path = Model;
			sourceTree = "<group>";
		};
		5C90FEB62015F6B400DE6B6F /* View */ = {
			isa = PBXGroup;
			children = (
				5C90FEBE2016096700DE6B6F /* RoundedButton.swift */,
			);
			path = View;
			sourceTree = "<group>";
		};
		5C90FEB72015F6BA00DE6B6F /* Controller */ = {
			isa = PBXGroup;
			children = (
				5C90FEA52015F27E00DE6B6F /* LoginViewController.swift */,
				5C90FEC02016141300DE6B6F /* ForgotPasswordViewController.swift */,
				5CC28ACA201749E70015C68D /* ListViewController.swift */,
				5CC28ACE2017672D0015C68D /* SurveyViewController.swift */,
				5CAB718A2018CA7100992054 /* CommentsViewController.swift */,
			);
			path = Controller;
			sourceTree = "<group>";
		};
		5C90FEB82015F6E000DE6B6F /* Storyboards */ = {
			isa = PBXGroup;
			children = (
				5C90FEA72015F27E00DE6B6F /* Main.storyboard */,
				5C90FEAC2015F27E00DE6B6F /* LaunchScreen.storyboard */,
			);
			path = Storyboards;
			sourceTree = "<group>";
		};
		5C90FEB92015F6F800DE6B6F /* Supporting files */ = {
			isa = PBXGroup;
			children = (
				5C90FEAA2015F27E00DE6B6F /* Assets.xcassets */,
				5C90FEAF2015F27E00DE6B6F /* Info.plist */,
				5C90FEBA2015F72100DE6B6F /* Default-568h@2x.png */,
			);
			path = "Supporting files";
			sourceTree = "<group>";
		};
		5C9F685C20161A3A007A0711 /* Helpers */ = {
			isa = PBXGroup;
			children = (
				5C9F685D20161A4B007A0711 /* Utilities.swift */,
				5C9F685F20164460007A0711 /* Constants.swift */,
				5C9F686120164897007A0711 /* WebServiceManager.swift */,
				5C079EDE2016AAAD008B8F25 /* DataManager.swift */,
			);
			path = Helpers;
			sourceTree = "<group>";
		};
		EC55A0C72F9276BA3FC77FD6 /* Pods */ = {
			isa = PBXGroup;
			children = (
				1B9EFADE127BE28FA067423B /* Pods-Survey.debug.xcconfig */,
				FE45AA5FD4A559DAFE5DCD94 /* Pods-Survey.release.xcconfig */,
			);
			name = Pods;
			sourceTree = "<group>";
		};
/* End PBXGroup section */

/* Begin PBXNativeTarget section */
		5C90FE9F2015F27E00DE6B6F /* Survey */ = {
			isa = PBXNativeTarget;
			buildConfigurationList = 5C90FEB22015F27E00DE6B6F /* Build configuration list for PBXNativeTarget "Survey" */;
			buildPhases = (
				1A829848D562FE510311145E /* [CP] Check Pods Manifest.lock */,
				5C90FE9C2015F27E00DE6B6F /* Sources */,
				5C90FE9D2015F27E00DE6B6F /* Frameworks */,
				5C90FE9E2015F27E00DE6B6F /* Resources */,
				42827E02A715D411D412AE6E /* [CP] Embed Pods Frameworks */,
				9BF6FAAF76873027BD1B68E6 /* [CP] Copy Pods Resources */,
			);
			buildRules = (
			);
			dependencies = (
			);
			name = Survey;
			productName = Survey;
			productReference = 5C90FEA02015F27E00DE6B6F /* Survey.app */;
			productType = "com.apple.product-type.application";
		};
/* End PBXNativeTarget section */

/* Begin PBXProject section */
		5C90FE982015F27E00DE6B6F /* Project object */ = {
			isa = PBXProject;
			attributes = {
				LastSwiftUpdateCheck = 0920;
				LastUpgradeCheck = 0920;
				ORGANIZATIONNAME = marko.rankovic;
				TargetAttributes = {
					5C90FE9F2015F27E00DE6B6F = {
						CreatedOnToolsVersion = 9.2;
						ProvisioningStyle = Automatic;
					};
				};
			};
			buildConfigurationList = 5C90FE9B2015F27E00DE6B6F /* Build configuration list for PBXProject "Survey" */;
			compatibilityVersion = "Xcode 8.0";
			developmentRegion = en;
			hasScannedForEncodings = 0;
			knownRegions = (
				en,
				Base,
			);
			mainGroup = 5C90FE972015F27E00DE6B6F;
			productRefGroup = 5C90FEA12015F27E00DE6B6F /* Products */;
			projectDirPath = "";
			projectRoot = "";
			targets = (
				5C90FE9F2015F27E00DE6B6F /* Survey */,
			);
		};
/* End PBXProject section */

/* Begin PBXResourcesBuildPhase section */
		5C90FE9E2015F27E00DE6B6F /* Resources */ = {
			isa = PBXResourcesBuildPhase;
			buildActionMask = 2147483647;
			files = (
				5C90FEAE2015F27E00DE6B6F /* LaunchScreen.storyboard in Resources */,
				5C90FEBB2015F72100DE6B6F /* Default-568h@2x.png in Resources */,
				5C90FEAB2015F27E00DE6B6F /* Assets.xcassets in Resources */,
				5C90FEA92015F27E00DE6B6F /* Main.storyboard in Resources */,
			);
			runOnlyForDeploymentPostprocessing = 0;
		};
/* End PBXResourcesBuildPhase section */

/* Begin PBXShellScriptBuildPhase section */
		1A829848D562FE510311145E /* [CP] Check Pods Manifest.lock */ = {
			isa = PBXShellScriptBuildPhase;
			buildActionMask = 2147483647;
			files = (
			);
			inputPaths = (
				"${PODS_PODFILE_DIR_PATH}/Podfile.lock",
				"${PODS_ROOT}/Manifest.lock",
			);
			name = "[CP] Check Pods Manifest.lock";
			outputPaths = (
				"$(DERIVED_FILE_DIR)/Pods-Survey-checkManifestLockResult.txt",
			);
			runOnlyForDeploymentPostprocessing = 0;
			shellPath = /bin/sh;
			shellScript = "diff \"${PODS_PODFILE_DIR_PATH}/Podfile.lock\" \"${PODS_ROOT}/Manifest.lock\" > /dev/null\nif [ $? != 0 ] ; then\n    # print error to STDERR\n    echo \"error: The sandbox is not in sync with the Podfile.lock. Run 'pod install' or update your CocoaPods installation.\" >&2\n    exit 1\nfi\n# This output is used by Xcode 'outputs' to avoid re-running this script phase.\necho \"SUCCESS\" > \"${SCRIPT_OUTPUT_FILE_0}\"\n";
			showEnvVarsInLog = 0;
		};
		42827E02A715D411D412AE6E /* [CP] Embed Pods Frameworks */ = {
			isa = PBXShellScriptBuildPhase;
			buildActionMask = 2147483647;
			files = (
			);
			inputPaths = (
				"${SRCROOT}/Pods/Target Support Files/Pods-Survey/Pods-Survey-frameworks.sh",
				"${BUILT_PRODUCTS_DIR}/SDWebImage/SDWebImage.framework",
			);
			name = "[CP] Embed Pods Frameworks";
			outputPaths = (
				"${TARGET_BUILD_DIR}/${FRAMEWORKS_FOLDER_PATH}/SDWebImage.framework",
			);
			runOnlyForDeploymentPostprocessing = 0;
			shellPath = /bin/sh;
			shellScript = "\"${SRCROOT}/Pods/Target Support Files/Pods-Survey/Pods-Survey-frameworks.sh\"\n";
			showEnvVarsInLog = 0;
		};
		9BF6FAAF76873027BD1B68E6 /* [CP] Copy Pods Resources */ = {
			isa = PBXShellScriptBuildPhase;
			buildActionMask = 2147483647;
			files = (
			);
			inputPaths = (
			);
			name = "[CP] Copy Pods Resources";
			outputPaths = (
			);
			runOnlyForDeploymentPostprocessing = 0;
			shellPath = /bin/sh;
			shellScript = "\"${SRCROOT}/Pods/Target Support Files/Pods-Survey/Pods-Survey-resources.sh\"\n";
			showEnvVarsInLog = 0;
		};
/* End PBXShellScriptBuildPhase section */

/* Begin PBXSourcesBuildPhase section */
		5C90FE9C2015F27E00DE6B6F /* Sources */ = {
			isa = PBXSourcesBuildPhase;
			buildActionMask = 2147483647;
			files = (
				5C90FEC12016141300DE6B6F /* ForgotPasswordViewController.swift in Sources */,
				5CAB718B2018CA7100992054 /* CommentsViewController.swift in Sources */,
				5C9F686220164897007A0711 /* WebServiceManager.swift in Sources */,
				5C90FEA62015F27E00DE6B6F /* LoginViewController.swift in Sources */,
				5C90FEBF2016096700DE6B6F /* RoundedButton.swift in Sources */,
				5C9F686420164999007A0711 /* User.swift in Sources */,
				5C9F685E20161A4B007A0711 /* Utilities.swift in Sources */,
				5CC28ACD20175E880015C68D /* Survey.swift in Sources */,
				5C90FEA42015F27E00DE6B6F /* AppDelegate.swift in Sources */,
				5C079EDF2016AAAD008B8F25 /* DataManager.swift in Sources */,
				5CC28ACB201749E70015C68D /* ListViewController.swift in Sources */,
				5CC28ACF2017672D0015C68D /* SurveyViewController.swift in Sources */,
				5C9F686020164460007A0711 /* Constants.swift in Sources */,
			);
			runOnlyForDeploymentPostprocessing = 0;
		};
/* End PBXSourcesBuildPhase section */

/* Begin PBXVariantGroup section */
		5C90FEA72015F27E00DE6B6F /* Main.storyboard */ = {
			isa = PBXVariantGroup;
			children = (
				5C90FEA82015F27E00DE6B6F /* Base */,
			);
			name = Main.storyboard;
			sourceTree = "<group>";
		};
		5C90FEAC2015F27E00DE6B6F /* LaunchScreen.storyboard */ = {
			isa = PBXVariantGroup;
			children = (
				5C90FEAD2015F27E00DE6B6F /* Base */,
			);
			name = LaunchScreen.storyboard;
			sourceTree = "<group>";
		};
/* End PBXVariantGroup section */

/* Begin XCBuildConfiguration section */
		5C90FEB02015F27E00DE6B6F /* Debug */ = {
			isa = XCBuildConfiguration;
			buildSettings = {
				ALWAYS_SEARCH_USER_PATHS = NO;
				CLANG_ANALYZER_NONNULL = YES;
				CLANG_ANALYZER_NUMBER_OBJECT_CONVERSION = YES_AGGRESSIVE;
				CLANG_CXX_LANGUAGE_STANDARD = "gnu++14";
				CLANG_CXX_LIBRARY = "libc++";
				CLANG_ENABLE_MODULES = YES;
				CLANG_ENABLE_OBJC_ARC = YES;
				CLANG_WARN_BLOCK_CAPTURE_AUTORELEASING = YES;
				CLANG_WARN_BOOL_CONVERSION = YES;
				CLANG_WARN_COMMA = YES;
				CLANG_WARN_CONSTANT_CONVERSION = YES;
				CLANG_WARN_DIRECT_OBJC_ISA_USAGE = YES_ERROR;
				CLANG_WARN_DOCUMENTATION_COMMENTS = YES;
				CLANG_WARN_EMPTY_BODY = YES;
				CLANG_WARN_ENUM_CONVERSION = YES;
				CLANG_WARN_INFINITE_RECURSION = YES;
				CLANG_WARN_INT_CONVERSION = YES;
				CLANG_WARN_NON_LITERAL_NULL_CONVERSION = YES;
				CLANG_WARN_OBJC_LITERAL_CONVERSION = YES;
				CLANG_WARN_OBJC_ROOT_CLASS = YES_ERROR;
				CLANG_WARN_RANGE_LOOP_ANALYSIS = YES;
				CLANG_WARN_STRICT_PROTOTYPES = YES;
				CLANG_WARN_SUSPICIOUS_MOVE = YES;
				CLANG_WARN_UNGUARDED_AVAILABILITY = YES_AGGRESSIVE;
				CLANG_WARN_UNREACHABLE_CODE = YES;
				CLANG_WARN__DUPLICATE_METHOD_MATCH = YES;
				CODE_SIGN_IDENTITY = "iPhone Developer";
				COPY_PHASE_STRIP = NO;
				DEBUG_INFORMATION_FORMAT = dwarf;
				ENABLE_STRICT_OBJC_MSGSEND = YES;
				ENABLE_TESTABILITY = YES;
				GCC_C_LANGUAGE_STANDARD = gnu11;
				GCC_DYNAMIC_NO_PIC = NO;
				GCC_NO_COMMON_BLOCKS = YES;
				GCC_OPTIMIZATION_LEVEL = 0;
				GCC_PREPROCESSOR_DEFINITIONS = (
					"DEBUG=1",
					"$(inherited)",
				);
				GCC_WARN_64_TO_32_BIT_CONVERSION = YES;
				GCC_WARN_ABOUT_RETURN_TYPE = YES_ERROR;
				GCC_WARN_UNDECLARED_SELECTOR = YES;
				GCC_WARN_UNINITIALIZED_AUTOS = YES_AGGRESSIVE;
				GCC_WARN_UNUSED_FUNCTION = YES;
				GCC_WARN_UNUSED_VARIABLE = YES;
				IPHONEOS_DEPLOYMENT_TARGET = 11.2;
				MTL_ENABLE_DEBUG_INFO = YES;
				ONLY_ACTIVE_ARCH = YES;
				SDKROOT = iphoneos;
				SWIFT_ACTIVE_COMPILATION_CONDITIONS = DEBUG;
				SWIFT_OPTIMIZATION_LEVEL = "-Onone";
			};
			name = Debug;
		};
		5C90FEB12015F27E00DE6B6F /* Release */ = {
			isa = XCBuildConfiguration;
			buildSettings = {
				ALWAYS_SEARCH_USER_PATHS = NO;
				CLANG_ANALYZER_NONNULL = YES;
				CLANG_ANALYZER_NUMBER_OBJECT_CONVERSION = YES_AGGRESSIVE;
				CLANG_CXX_LANGUAGE_STANDARD = "gnu++14";
				CLANG_CXX_LIBRARY = "libc++";
				CLANG_ENABLE_MODULES = YES;
				CLANG_ENABLE_OBJC_ARC = YES;
				CLANG_WARN_BLOCK_CAPTURE_AUTORELEASING = YES;
				CLANG_WARN_BOOL_CONVERSION = YES;
				CLANG_WARN_COMMA = YES;
				CLANG_WARN_CONSTANT_CONVERSION = YES;
				CLANG_WARN_DIRECT_OBJC_ISA_USAGE = YES_ERROR;
				CLANG_WARN_DOCUMENTATION_COMMENTS = YES;
				CLANG_WARN_EMPTY_BODY = YES;
				CLANG_WARN_ENUM_CONVERSION = YES;
				CLANG_WARN_INFINITE_RECURSION = YES;
				CLANG_WARN_INT_CONVERSION = YES;
				CLANG_WARN_NON_LITERAL_NULL_CONVERSION = YES;
				CLANG_WARN_OBJC_LITERAL_CONVERSION = YES;
				CLANG_WARN_OBJC_ROOT_CLASS = YES_ERROR;
				CLANG_WARN_RANGE_LOOP_ANALYSIS = YES;
				CLANG_WARN_STRICT_PROTOTYPES = YES;
				CLANG_WARN_SUSPICIOUS_MOVE = YES;
				CLANG_WARN_UNGUARDED_AVAILABILITY = YES_AGGRESSIVE;
				CLANG_WARN_UNREACHABLE_CODE = YES;
				CLANG_WARN__DUPLICATE_METHOD_MATCH = YES;
				CODE_SIGN_IDENTITY = "iPhone Developer";
				COPY_PHASE_STRIP = NO;
				DEBUG_INFORMATION_FORMAT = "dwarf-with-dsym";
				ENABLE_NS_ASSERTIONS = NO;
				ENABLE_STRICT_OBJC_MSGSEND = YES;
				GCC_C_LANGUAGE_STANDARD = gnu11;
				GCC_NO_COMMON_BLOCKS = YES;
				GCC_WARN_64_TO_32_BIT_CONVERSION = YES;
				GCC_WARN_ABOUT_RETURN_TYPE = YES_ERROR;
				GCC_WARN_UNDECLARED_SELECTOR = YES;
				GCC_WARN_UNINITIALIZED_AUTOS = YES_AGGRESSIVE;
				GCC_WARN_UNUSED_FUNCTION = YES;
				GCC_WARN_UNUSED_VARIABLE = YES;
				IPHONEOS_DEPLOYMENT_TARGET = 11.2;
				MTL_ENABLE_DEBUG_INFO = NO;
				SDKROOT = iphoneos;
				SWIFT_OPTIMIZATION_LEVEL = "-Owholemodule";
				VALIDATE_PRODUCT = YES;
			};
			name = Release;
		};
		5C90FEB32015F27E00DE6B6F /* Debug */ = {
			isa = XCBuildConfiguration;
			baseConfigurationReference = 1B9EFADE127BE28FA067423B /* Pods-Survey.debug.xcconfig */;
			buildSettings = {
				ASSETCATALOG_COMPILER_APPICON_NAME = AppIcon;
				CODE_SIGN_STYLE = Automatic;
				DEVELOPMENT_TEAM = 4D64ASXCQT;
				INFOPLIST_FILE = "$(SRCROOT)/Survey/Supporting files/Info.plist";
				LD_RUNPATH_SEARCH_PATHS = "$(inherited) @executable_path/Frameworks";
				PRODUCT_BUNDLE_IDENTIFIER = marko.rankovic.Survey;
				PRODUCT_NAME = "$(TARGET_NAME)";
				SWIFT_VERSION = 4.0;
				TARGETED_DEVICE_FAMILY = "1,2";
			};
			name = Debug;
		};
		5C90FEB42015F27E00DE6B6F /* Release */ = {
			isa = XCBuildConfiguration;
			baseConfigurationReference = FE45AA5FD4A559DAFE5DCD94 /* Pods-Survey.release.xcconfig */;
			buildSettings = {
				ASSETCATALOG_COMPILER_APPICON_NAME = AppIcon;
				CODE_SIGN_STYLE = Automatic;
				DEVELOPMENT_TEAM = 4D64ASXCQT;
				INFOPLIST_FILE = "$(SRCROOT)/Survey/Supporting files/Info.plist";
				LD_RUNPATH_SEARCH_PATHS = "$(inherited) @executable_path/Frameworks";
				PRODUCT_BUNDLE_IDENTIFIER = marko.rankovic.Survey;
				PRODUCT_NAME = "$(TARGET_NAME)";
				SWIFT_VERSION = 4.0;
				TARGETED_DEVICE_FAMILY = "1,2";
			};
			name = Release;
		};
/* End XCBuildConfiguration section */

/* Begin XCConfigurationList section */
		5C90FE9B2015F27E00DE6B6F /* Build configuration list for PBXProject "Survey" */ = {
			isa = XCConfigurationList;
			buildConfigurations = (
				5C90FEB02015F27E00DE6B6F /* Debug */,
				5C90FEB12015F27E00DE6B6F /* Release */,
			);
			defaultConfigurationIsVisible = 0;
			defaultConfigurationName = Release;
		};
		5C90FEB22015F27E00DE6B6F /* Build configuration list for PBXNativeTarget "Survey" */ = {
			isa = XCConfigurationList;
			buildConfigurations = (
				5C90FEB32015F27E00DE6B6F /* Debug */,
				5C90FEB42015F27E00DE6B6F /* Release */,
			);
			defaultConfigurationIsVisible = 0;
			defaultConfigurationName = Release;
		};
/* End XCConfigurationList section */
	};
	rootObject = 5C90FE982015F27E00DE6B6F /* Project object */;
}
